// !$*UTF8*$!
{
	archiveVersion = 1;
	classes = {
	};
	objectVersion = 50;
	objects = {

/* Begin PBXBuildFile section */
		219555B221524C2500D2B2ED /* FYYaoQiViewController.swift in Sources */ = {isa = PBXBuildFile; fileRef = 219555B121524C2500D2B2ED /* FYYaoQiViewController.swift */; };
		219555B5215257AB00D2B2ED /* FYYQModel.swift in Sources */ = {isa = PBXBuildFile; fileRef = 219555B4215257AB00D2B2ED /* FYYQModel.swift */; };
		219555C821537B7500D2B2ED /* FYYQTableViewCell.swift in Sources */ = {isa = PBXBuildFile; fileRef = 219555C621537B7500D2B2ED /* FYYQTableViewCell.swift */; };
		21C470E821464050005E63D2 /* AppDelegate.swift in Sources */ = {isa = PBXBuildFile; fileRef = 21C470E721464050005E63D2 /* AppDelegate.swift */; };
		21C470EA21464050005E63D2 /* HomeViewController.swift in Sources */ = {isa = PBXBuildFile; fileRef = 21C470E921464050005E63D2 /* HomeViewController.swift */; };
		21C470F021464050005E63D2 /* news.xcdatamodeld in Sources */ = {isa = PBXBuildFile; fileRef = 21C470EE21464050005E63D2 /* news.xcdatamodeld */; };
		21C470F221464051005E63D2 /* Assets.xcassets in Resources */ = {isa = PBXBuildFile; fileRef = 21C470F121464051005E63D2 /* Assets.xcassets */; };
		21C470F521464051005E63D2 /* LaunchScreen.storyboard in Resources */ = {isa = PBXBuildFile; fileRef = 21C470F321464051005E63D2 /* LaunchScreen.storyboard */; };
		21C470FE214648E1005E63D2 /* FYNavController.swift in Sources */ = {isa = PBXBuildFile; fileRef = 21C470FD214648E1005E63D2 /* FYNavController.swift */; };
		21C4710021464901005E63D2 /* FYTabBarController.swift in Sources */ = {isa = PBXBuildFile; fileRef = 21C470FF21464901005E63D2 /* FYTabBarController.swift */; };
		21C4710921464B22005E63D2 /* FYHomeViewController.swift in Sources */ = {isa = PBXBuildFile; fileRef = 21C4710821464B22005E63D2 /* FYHomeViewController.swift */; };
		21C4711221464B5E005E63D2 /* FYMeViewController.swift in Sources */ = {isa = PBXBuildFile; fileRef = 21C4711121464B5E005E63D2 /* FYMeViewController.swift */; };
		21C4711421464B6C005E63D2 /* FYZhiViewController.swift in Sources */ = {isa = PBXBuildFile; fileRef = 21C4711321464B6C005E63D2 /* FYZhiViewController.swift */; };
		21C4711921464E44005E63D2 /* FYHomeApi.swift in Sources */ = {isa = PBXBuildFile; fileRef = 21C4711821464E44005E63D2 /* FYHomeApi.swift */; };
		21C4711B21464E88005E63D2 /* FYNetManager.swift in Sources */ = {isa = PBXBuildFile; fileRef = 21C4711A21464E88005E63D2 /* FYNetManager.swift */; };
		21C4711D214657EC005E63D2 /* FYHomeModel.swift in Sources */ = {isa = PBXBuildFile; fileRef = 21C4711C214657EC005E63D2 /* FYHomeModel.swift */; };
		21C4712621465E80005E63D2 /* FYZhiTableViewCell.swift in Sources */ = {isa = PBXBuildFile; fileRef = 21C4712521465E80005E63D2 /* FYZhiTableViewCell.swift */; };
		21C471CB2148EF7D005E63D2 /* KKTableViewCell.swift in Sources */ = {isa = PBXBuildFile; fileRef = 21C471CA2148EF7D005E63D2 /* KKTableViewCell.swift */; };
		21C471CD2148EF98005E63D2 /* kkModel.swift in Sources */ = {isa = PBXBuildFile; fileRef = 21C471CC2148EF98005E63D2 /* kkModel.swift */; };
		21C471D02148F6A4005E63D2 /* FYColor.swift in Sources */ = {isa = PBXBuildFile; fileRef = 21C471CF2148F6A4005E63D2 /* FYColor.swift */; };
		21C47201214B8C4F005E63D2 /* FYTabModel.swift in Sources */ = {isa = PBXBuildFile; fileRef = 21C47200214B8C4F005E63D2 /* FYTabModel.swift */; };
		21C47203214BAC57005E63D2 /* FYImageTableViewCell.swift in Sources */ = {isa = PBXBuildFile; fileRef = 21C47202214BAC57005E63D2 /* FYImageTableViewCell.swift */; };
		21C47206214BC079005E63D2 /* FYMoveImageTableViewCell.swift in Sources */ = {isa = PBXBuildFile; fileRef = 21C47204214BC079005E63D2 /* FYMoveImageTableViewCell.swift */; };
		21C47207214BC079005E63D2 /* FYMoveImageTableViewCell.xib in Resources */ = {isa = PBXBuildFile; fileRef = 21C47205214BC079005E63D2 /* FYMoveImageTableViewCell.xib */; };
		21C47219214FAED2005E63D2 /* guideImage1.jpg in Resources */ = {isa = PBXBuildFile; fileRef = 21C47213214FAED2005E63D2 /* guideImage1.jpg */; };
		21C4721A214FAED2005E63D2 /* guideImage2.jpg in Resources */ = {isa = PBXBuildFile; fileRef = 21C47214214FAED2005E63D2 /* guideImage2.jpg */; };
		21C4721B214FAED2005E63D2 /* guideImage6.gif in Resources */ = {isa = PBXBuildFile; fileRef = 21C47215214FAED2005E63D2 /* guideImage6.gif */; };
		21C4721C214FAED2005E63D2 /* guideImage3.jpg in Resources */ = {isa = PBXBuildFile; fileRef = 21C47216214FAED2005E63D2 /* guideImage3.jpg */; };
		21C4721D214FAED2005E63D2 /* guideImage4.jpg in Resources */ = {isa = PBXBuildFile; fileRef = 21C47217214FAED2005E63D2 /* guideImage4.jpg */; };
		21C4721E214FAED2005E63D2 /* guideImage5.jpg in Resources */ = {isa = PBXBuildFile; fileRef = 21C47218214FAED2005E63D2 /* guideImage5.jpg */; };
		74F31070A2617DDA87E6CE6F /* Pods_news.framework in Frameworks */ = {isa = PBXBuildFile; fileRef = F0AB8C963D32E8A846A11F3C /* Pods_news.framework */; };
/* End PBXBuildFile section */

/* Begin PBXFileReference section */
		219555B121524C2500D2B2ED /* FYYaoQiViewController.swift */ = {isa = PBXFileReference; lastKnownFileType = sourcecode.swift; path = FYYaoQiViewController.swift; sourceTree = "<group>"; };
		219555B4215257AB00D2B2ED /* FYYQModel.swift */ = {isa = PBXFileReference; lastKnownFileType = sourcecode.swift; path = FYYQModel.swift; sourceTree = "<group>"; };
		219555C621537B7500D2B2ED /* FYYQTableViewCell.swift */ = {isa = PBXFileReference; lastKnownFileType = sourcecode.swift; path = FYYQTableViewCell.swift; sourceTree = "<group>"; };
		21C470E421464050005E63D2 /* news.app */ = {isa = PBXFileReference; explicitFileType = wrapper.application; includeInIndex = 0; path = news.app; sourceTree = BUILT_PRODUCTS_DIR; };
		21C470E721464050005E63D2 /* AppDelegate.swift */ = {isa = PBXFileReference; lastKnownFileType = sourcecode.swift; path = AppDelegate.swift; sourceTree = "<group>"; };
		21C470E921464050005E63D2 /* HomeViewController.swift */ = {isa = PBXFileReference; lastKnownFileType = sourcecode.swift; path = HomeViewController.swift; sourceTree = "<group>"; };
		21C470EF21464050005E63D2 /* news.xcdatamodel */ = {isa = PBXFileReference; lastKnownFileType = wrapper.xcdatamodel; path = news.xcdatamodel; sourceTree = "<group>"; };
		21C470F121464051005E63D2 /* Assets.xcassets */ = {isa = PBXFileReference; lastKnownFileType = folder.assetcatalog; path = Assets.xcassets; sourceTree = "<group>"; };
		21C470F421464051005E63D2 /* Base */ = {isa = PBXFileReference; lastKnownFileType = file.storyboard; name = Base; path = Base.lproj/LaunchScreen.storyboard; sourceTree = "<group>"; };
		21C470F621464051005E63D2 /* Info.plist */ = {isa = PBXFileReference; lastKnownFileType = text.plist.xml; path = Info.plist; sourceTree = "<group>"; };
		21C470FD214648E1005E63D2 /* FYNavController.swift */ = {isa = PBXFileReference; lastKnownFileType = sourcecode.swift; path = FYNavController.swift; sourceTree = "<group>"; };
		21C470FF21464901005E63D2 /* FYTabBarController.swift */ = {isa = PBXFileReference; lastKnownFileType = sourcecode.swift; path = FYTabBarController.swift; sourceTree = "<group>"; };
		21C4710821464B22005E63D2 /* FYHomeViewController.swift */ = {isa = PBXFileReference; lastKnownFileType = sourcecode.swift; path = FYHomeViewController.swift; sourceTree = "<group>"; };
		21C4711121464B5E005E63D2 /* FYMeViewController.swift */ = {isa = PBXFileReference; lastKnownFileType = sourcecode.swift; path = FYMeViewController.swift; sourceTree = "<group>"; };
		21C4711321464B6C005E63D2 /* FYZhiViewController.swift */ = {isa = PBXFileReference; lastKnownFileType = sourcecode.swift; path = FYZhiViewController.swift; sourceTree = "<group>"; };
		21C4711821464E44005E63D2 /* FYHomeApi.swift */ = {isa = PBXFileReference; lastKnownFileType = sourcecode.swift; path = FYHomeApi.swift; sourceTree = "<group>"; };
		21C4711A21464E88005E63D2 /* FYNetManager.swift */ = {isa = PBXFileReference; lastKnownFileType = sourcecode.swift; path = FYNetManager.swift; sourceTree = "<group>"; };
		21C4711C214657EC005E63D2 /* FYHomeModel.swift */ = {isa = PBXFileReference; lastKnownFileType = sourcecode.swift; path = FYHomeModel.swift; sourceTree = "<group>"; };
		21C4711E21465994005E63D2 /* news-Bridging-Header.h */ = {isa = PBXFileReference; lastKnownFileType = sourcecode.c.h; path = "news-Bridging-Header.h"; sourceTree = "<group>"; };
		21C4712521465E80005E63D2 /* FYZhiTableViewCell.swift */ = {isa = PBXFileReference; lastKnownFileType = sourcecode.swift; path = FYZhiTableViewCell.swift; sourceTree = "<group>"; };
		21C471CA2148EF7D005E63D2 /* KKTableViewCell.swift */ = {isa = PBXFileReference; fileEncoding = 4; lastKnownFileType = sourcecode.swift; path = KKTableViewCell.swift; sourceTree = "<group>"; };
		21C471CC2148EF98005E63D2 /* kkModel.swift */ = {isa = PBXFileReference; fileEncoding = 4; lastKnownFileType = sourcecode.swift; path = kkModel.swift; sourceTree = "<group>"; };
		21C471CF2148F6A4005E63D2 /* FYColor.swift */ = {isa = PBXFileReference; lastKnownFileType = sourcecode.swift; path = FYColor.swift; sourceTree = "<group>"; };
		21C47200214B8C4F005E63D2 /* FYTabModel.swift */ = {isa = PBXFileReference; lastKnownFileType = sourcecode.swift; path = FYTabModel.swift; sourceTree = "<group>"; };
		21C47202214BAC57005E63D2 /* FYImageTableViewCell.swift */ = {isa = PBXFileReference; lastKnownFileType = sourcecode.swift; path = FYImageTableViewCell.swift; sourceTree = "<group>"; };
		21C47204214BC079005E63D2 /* FYMoveImageTableViewCell.swift */ = {isa = PBXFileReference; lastKnownFileType = sourcecode.swift; path = FYMoveImageTableViewCell.swift; sourceTree = "<group>"; };
		21C47205214BC079005E63D2 /* FYMoveImageTableViewCell.xib */ = {isa = PBXFileReference; lastKnownFileType = file.xib; path = FYMoveImageTableViewCell.xib; sourceTree = "<group>"; };
		21C47213214FAED2005E63D2 /* guideImage1.jpg */ = {isa = PBXFileReference; lastKnownFileType = image.jpeg; path = guideImage1.jpg; sourceTree = "<group>"; };
		21C47214214FAED2005E63D2 /* guideImage2.jpg */ = {isa = PBXFileReference; lastKnownFileType = image.jpeg; path = guideImage2.jpg; sourceTree = "<group>"; };
		21C47215214FAED2005E63D2 /* guideImage6.gif */ = {isa = PBXFileReference; lastKnownFileType = image.gif; path = guideImage6.gif; sourceTree = "<group>"; };
		21C47216214FAED2005E63D2 /* guideImage3.jpg */ = {isa = PBXFileReference; lastKnownFileType = image.jpeg; path = guideImage3.jpg; sourceTree = "<group>"; };
		21C47217214FAED2005E63D2 /* guideImage4.jpg */ = {isa = PBXFileReference; lastKnownFileType = image.jpeg; path = guideImage4.jpg; sourceTree = "<group>"; };
		21C47218214FAED2005E63D2 /* guideImage5.jpg */ = {isa = PBXFileReference; lastKnownFileType = image.jpeg; path = guideImage5.jpg; sourceTree = "<group>"; };
		30599A3A22ACF912BD413035 /* Pods-news.release.xcconfig */ = {isa = PBXFileReference; includeInIndex = 1; lastKnownFileType = text.xcconfig; name = "Pods-news.release.xcconfig"; path = "Pods/Target Support Files/Pods-news/Pods-news.release.xcconfig"; sourceTree = "<group>"; };
		BBC488B2AA8A5FA0EA584B0B /* Pods-news.debug.xcconfig */ = {isa = PBXFileReference; includeInIndex = 1; lastKnownFileType = text.xcconfig; name = "Pods-news.debug.xcconfig"; path = "Pods/Target Support Files/Pods-news/Pods-news.debug.xcconfig"; sourceTree = "<group>"; };
		F0AB8C963D32E8A846A11F3C /* Pods_news.framework */ = {isa = PBXFileReference; explicitFileType = wrapper.framework; includeInIndex = 0; path = Pods_news.framework; sourceTree = BUILT_PRODUCTS_DIR; };
/* End PBXFileReference section */

/* Begin PBXFrameworksBuildPhase section */
		21C470E121464050005E63D2 /* Frameworks */ = {
			isa = PBXFrameworksBuildPhase;
			buildActionMask = 2147483647;
			files = (
				74F31070A2617DDA87E6CE6F /* Pods_news.framework in Frameworks */,
			);
			runOnlyForDeploymentPostprocessing = 0;
		};
/* End PBXFrameworksBuildPhase section */

/* Begin PBXGroup section */
		219555AF21524BEF00D2B2ED /* Yuyaoqi */ = {
			isa = PBXGroup;
			children = (
				219555B32152579300D2B2ED /* M */,
				219555B021524C0500D2B2ED /* C */,
				219555C521537B1800D2B2ED /* V */,
			);
			path = Yuyaoqi;
			sourceTree = "<group>";
		};
		219555B021524C0500D2B2ED /* C */ = {
			isa = PBXGroup;
			children = (
				219555B121524C2500D2B2ED /* FYYaoQiViewController.swift */,
			);
			path = C;
			sourceTree = "<group>";
		};
		219555B32152579300D2B2ED /* M */ = {
			isa = PBXGroup;
			children = (
				219555B4215257AB00D2B2ED /* FYYQModel.swift */,
			);
			path = M;
			sourceTree = "<group>";
		};
		219555C521537B1800D2B2ED /* V */ = {
			isa = PBXGroup;
			children = (
				219555C621537B7500D2B2ED /* FYYQTableViewCell.swift */,
			);
			path = V;
			sourceTree = "<group>";
		};
		21C470DB21464050005E63D2 = {
			isa = PBXGroup;
			children = (
				21C470E621464050005E63D2 /* news */,
				21C470E521464050005E63D2 /* Products */,
				7C03CDB642900024D509B199 /* Pods */,
				65BDDE88634186D7F475D39C /* Frameworks */,
			);
			sourceTree = "<group>";
		};
		21C470E521464050005E63D2 /* Products */ = {
			isa = PBXGroup;
			children = (
				21C470E421464050005E63D2 /* news.app */,
			);
			name = Products;
			sourceTree = "<group>";
		};
		21C470E621464050005E63D2 /* news */ = {
			isa = PBXGroup;
			children = (
				21C4721F214FAEDD005E63D2 /* guideImages */,
				21C4710421464AEB005E63D2 /* Classess */,
				21C470E721464050005E63D2 /* AppDelegate.swift */,
				21C470E921464050005E63D2 /* HomeViewController.swift */,
				21C470F121464051005E63D2 /* Assets.xcassets */,
				21C470F321464051005E63D2 /* LaunchScreen.storyboard */,
				21C470F621464051005E63D2 /* Info.plist */,
				21C470EE21464050005E63D2 /* news.xcdatamodeld */,
				21C4711E21465994005E63D2 /* news-Bridging-Header.h */,
			);
			path = news;
			sourceTree = "<group>";
		};
		21C470FC214648BA005E63D2 /* Main */ = {
			isa = PBXGroup;
			children = (
				21C470FD214648E1005E63D2 /* FYNavController.swift */,
				21C470FF21464901005E63D2 /* FYTabBarController.swift */,
			);
			path = Main;
			sourceTree = "<group>";
		};
		21C4710121464ACE005E63D2 /* Home */ = {
			isa = PBXGroup;
			children = (
				21C4710721464B0B005E63D2 /* M */,
				21C4710621464B04005E63D2 /* V */,
				21C4710521464AFB005E63D2 /* C */,
			);
			path = Home;
			sourceTree = "<group>";
		};
		21C4710221464AD5005E63D2 /* Zhiku */ = {
			isa = PBXGroup;
			children = (
				21C4710D21464B3D005E63D2 /* C */,
				21C4710C21464B37005E63D2 /* V */,
				21C4710A21464B2A005E63D2 /* M */,
			);
			path = Zhiku;
			sourceTree = "<group>";
		};
		21C4710321464ADE005E63D2 /* Mine */ = {
			isa = PBXGroup;
			children = (
				21C4711021464B4E005E63D2 /* C */,
				21C4710F21464B49005E63D2 /* V */,
				21C4710E21464B43005E63D2 /* M */,
			);
			path = Mine;
			sourceTree = "<group>";
		};
		21C4710421464AEB005E63D2 /* Classess */ = {
			isa = PBXGroup;
			children = (
				219555AF21524BEF00D2B2ED /* Yuyaoqi */,
				21C471CE2148F68D005E63D2 /* Common */,
				21C4711521464D65005E63D2 /* net */,
				21C4710321464ADE005E63D2 /* Mine */,
				21C4710221464AD5005E63D2 /* Zhiku */,
				21C4710121464ACE005E63D2 /* Home */,
				21C470FC214648BA005E63D2 /* Main */,
			);
			path = Classess;
			sourceTree = "<group>";
		};
		21C4710521464AFB005E63D2 /* C */ = {
			isa = PBXGroup;
			children = (
				21C4710821464B22005E63D2 /* FYHomeViewController.swift */,
			);
			path = C;
			sourceTree = "<group>";
		};
		21C4710621464B04005E63D2 /* V */ = {
			isa = PBXGroup;
			children = (
				21C471CA2148EF7D005E63D2 /* KKTableViewCell.swift */,
			);
			path = V;
			sourceTree = "<group>";
		};
		21C4710721464B0B005E63D2 /* M */ = {
			isa = PBXGroup;
			children = (
				21C471CC2148EF98005E63D2 /* kkModel.swift */,
			);
			path = M;
			sourceTree = "<group>";
		};
		21C4710A21464B2A005E63D2 /* M */ = {
			isa = PBXGroup;
			children = (
				21C4711C214657EC005E63D2 /* FYHomeModel.swift */,
			);
			path = M;
			sourceTree = "<group>";
		};
		21C4710C21464B37005E63D2 /* V */ = {
			isa = PBXGroup;
			children = (
				21C4712521465E80005E63D2 /* FYZhiTableViewCell.swift */,
			);
			path = V;
			sourceTree = "<group>";
		};
		21C4710D21464B3D005E63D2 /* C */ = {
			isa = PBXGroup;
			children = (
				21C4711321464B6C005E63D2 /* FYZhiViewController.swift */,
			);
			path = C;
			sourceTree = "<group>";
		};
		21C4710E21464B43005E63D2 /* M */ = {
			isa = PBXGroup;
			children = (
				21C47200214B8C4F005E63D2 /* FYTabModel.swift */,
			);
			path = M;
			sourceTree = "<group>";
		};
		21C4710F21464B49005E63D2 /* V */ = {
			isa = PBXGroup;
			children = (
				21C47202214BAC57005E63D2 /* FYImageTableViewCell.swift */,
				21C47204214BC079005E63D2 /* FYMoveImageTableViewCell.swift */,
				21C47205214BC079005E63D2 /* FYMoveImageTableViewCell.xib */,
			);
			path = V;
			sourceTree = "<group>";
		};
		21C4711021464B4E005E63D2 /* C */ = {
			isa = PBXGroup;
			children = (
				21C4711121464B5E005E63D2 /* FYMeViewController.swift */,
			);
			path = C;
			sourceTree = "<group>";
		};
		21C4711521464D65005E63D2 /* net */ = {
			isa = PBXGroup;
			children = (
				21C4711821464E44005E63D2 /* FYHomeApi.swift */,
				21C4711A21464E88005E63D2 /* FYNetManager.swift */,
			);
			path = net;
			sourceTree = "<group>";
		};
		21C471CE2148F68D005E63D2 /* Common */ = {
			isa = PBXGroup;
			children = (
				21C471CF2148F6A4005E63D2 /* FYColor.swift */,
			);
			path = Common;
			sourceTree = "<group>";
		};
		21C4721F214FAEDD005E63D2 /* guideImages */ = {
			isa = PBXGroup;
			children = (
				21C47213214FAED2005E63D2 /* guideImage1.jpg */,
				21C47214214FAED2005E63D2 /* guideImage2.jpg */,
				21C47216214FAED2005E63D2 /* guideImage3.jpg */,
				21C47217214FAED2005E63D2 /* guideImage4.jpg */,
				21C47218214FAED2005E63D2 /* guideImage5.jpg */,
				21C47215214FAED2005E63D2 /* guideImage6.gif */,
			);
			path = guideImages;
			sourceTree = "<group>";
		};
		65BDDE88634186D7F475D39C /* Frameworks */ = {
			isa = PBXGroup;
			children = (
				F0AB8C963D32E8A846A11F3C /* Pods_news.framework */,
			);
			name = Frameworks;
			sourceTree = "<group>";
		};
		7C03CDB642900024D509B199 /* Pods */ = {
			isa = PBXGroup;
			children = (
				BBC488B2AA8A5FA0EA584B0B /* Pods-news.debug.xcconfig */,
				30599A3A22ACF912BD413035 /* Pods-news.release.xcconfig */,
			);
			name = Pods;
			sourceTree = "<group>";
		};
/* End PBXGroup section */

/* Begin PBXNativeTarget section */
		21C470E321464050005E63D2 /* news */ = {
			isa = PBXNativeTarget;
			buildConfigurationList = 21C470F921464051005E63D2 /* Build configuration list for PBXNativeTarget "news" */;
			buildPhases = (
				EDEF3ACC05FB9E9D203D9BA6 /* [CP] Check Pods Manifest.lock */,
				21C470E021464050005E63D2 /* Sources */,
				21C470E121464050005E63D2 /* Frameworks */,
				21C470E221464050005E63D2 /* Resources */,
				5B4A884022A87A807A1D0C02 /* [CP] Embed Pods Frameworks */,
				21C4720D214F9EC5005E63D2 /* Run Scriptdemo */,
			);
			buildRules = (
			);
			dependencies = (
			);
			name = news;
			productName = news;
			productReference = 21C470E421464050005E63D2 /* news.app */;
			productType = "com.apple.product-type.application";
		};
/* End PBXNativeTarget section */

/* Begin PBXProject section */
		21C470DC21464050005E63D2 /* Project object */ = {
			isa = PBXProject;
			attributes = {
				CLASSPREFIX = FY;
				LastSwiftUpdateCheck = 0940;
				LastUpgradeCheck = 0940;
				ORGANIZATIONNAME = wang;
				TargetAttributes = {
					21C470E321464050005E63D2 = {
						CreatedOnToolsVersion = 9.4.1;
						LastSwiftMigration = 0940;
					};
				};
			};
			buildConfigurationList = 21C470DF21464050005E63D2 /* Build configuration list for PBXProject "news" */;
			compatibilityVersion = "Xcode 9.3";
			developmentRegion = en;
			hasScannedForEncodings = 0;
			knownRegions = (
				en,
				Base,
			);
			mainGroup = 21C470DB21464050005E63D2;
			productRefGroup = 21C470E521464050005E63D2 /* Products */;
			projectDirPath = "";
			projectRoot = "";
			targets = (
				21C470E321464050005E63D2 /* news */,
			);
		};
/* End PBXProject section */

/* Begin PBXResourcesBuildPhase section */
		21C470E221464050005E63D2 /* Resources */ = {
			isa = PBXResourcesBuildPhase;
			buildActionMask = 2147483647;
			files = (
				21C470F521464051005E63D2 /* LaunchScreen.storyboard in Resources */,
				21C47219214FAED2005E63D2 /* guideImage1.jpg in Resources */,
				21C4721E214FAED2005E63D2 /* guideImage5.jpg in Resources */,
				21C4721C214FAED2005E63D2 /* guideImage3.jpg in Resources */,
				21C47207214BC079005E63D2 /* FYMoveImageTableViewCell.xib in Resources */,
				21C4721A214FAED2005E63D2 /* guideImage2.jpg in Resources */,
				21C4721D214FAED2005E63D2 /* guideImage4.jpg in Resources */,
				21C4721B214FAED2005E63D2 /* guideImage6.gif in Resources */,
				21C470F221464051005E63D2 /* Assets.xcassets in Resources */,
			);
			runOnlyForDeploymentPostprocessing = 0;
		};
/* End PBXResourcesBuildPhase section */

/* Begin PBXShellScriptBuildPhase section */
		21C4720D214F9EC5005E63D2 /* Run Scriptdemo */ = {
			isa = PBXShellScriptBuildPhase;
			buildActionMask = 12;
			files = (
			);
			inputPaths = (
			);
			name = "Run Scriptdemo";
			outputPaths = (
			);
			runOnlyForDeploymentPostprocessing = 0;
			shellPath = "/bin/sh  ./LLIconVersioning.sh";
			shellScript = "";
		};
		5B4A884022A87A807A1D0C02 /* [CP] Embed Pods Frameworks */ = {
			isa = PBXShellScriptBuildPhase;
			buildActionMask = 2147483647;
			files = (
			);
			inputPaths = (
				"${SRCROOT}/Pods/Target Support Files/Pods-news/Pods-news-frameworks.sh",
				"${BUILT_PRODUCTS_DIR}/Alamofire/Alamofire.framework",
				"${BUILT_PRODUCTS_DIR}/GuidePageView/GuidePageView.framework",
				"${BUILT_PRODUCTS_DIR}/IQKeyboardManagerSwift/IQKeyboardManagerSwift.framework",
				"${BUILT_PRODUCTS_DIR}/Kingfisher/Kingfisher.framework",
				"${BUILT_PRODUCTS_DIR}/MBProgressHUD/MBProgressHUD.framework",
				"${BUILT_PRODUCTS_DIR}/MJRefresh/MJRefresh.framework",
				"${BUILT_PRODUCTS_DIR}/Moya/Moya.framework",
				"${BUILT_PRODUCTS_DIR}/Moya-SwiftyJSONMapper/Moya_SwiftyJSONMapper.framework",
				"${BUILT_PRODUCTS_DIR}/Result/Result.framework",
				"${BUILT_PRODUCTS_DIR}/SDWebImage/SDWebImage.framework",
				"${BUILT_PRODUCTS_DIR}/SnapKit/SnapKit.framework",
				"${BUILT_PRODUCTS_DIR}/SwiftyJSON/SwiftyJSON.framework",
				"${BUILT_PRODUCTS_DIR}/YYModel/YYModel.framework",
			);
			name = "[CP] Embed Pods Frameworks";
			outputPaths = (
				"${TARGET_BUILD_DIR}/${FRAMEWORKS_FOLDER_PATH}/Alamofire.framework",
				"${TARGET_BUILD_DIR}/${FRAMEWORKS_FOLDER_PATH}/GuidePageView.framework",
				"${TARGET_BUILD_DIR}/${FRAMEWORKS_FOLDER_PATH}/IQKeyboardManagerSwift.framework",
				"${TARGET_BUILD_DIR}/${FRAMEWORKS_FOLDER_PATH}/Kingfisher.framework",
				"${TARGET_BUILD_DIR}/${FRAMEWORKS_FOLDER_PATH}/MBProgressHUD.framework",
				"${TARGET_BUILD_DIR}/${FRAMEWORKS_FOLDER_PATH}/MJRefresh.framework",
				"${TARGET_BUILD_DIR}/${FRAMEWORKS_FOLDER_PATH}/Moya.framework",
				"${TARGET_BUILD_DIR}/${FRAMEWORKS_FOLDER_PATH}/Moya_SwiftyJSONMapper.framework",
				"${TARGET_BUILD_DIR}/${FRAMEWORKS_FOLDER_PATH}/Result.framework",
				"${TARGET_BUILD_DIR}/${FRAMEWORKS_FOLDER_PATH}/SDWebImage.framework",
				"${TARGET_BUILD_DIR}/${FRAMEWORKS_FOLDER_PATH}/SnapKit.framework",
				"${TARGET_BUILD_DIR}/${FRAMEWORKS_FOLDER_PATH}/SwiftyJSON.framework",
				"${TARGET_BUILD_DIR}/${FRAMEWORKS_FOLDER_PATH}/YYModel.framework",
			);
			runOnlyForDeploymentPostprocessing = 0;
			shellPath = /bin/sh;
			shellScript = "\"${SRCROOT}/Pods/Target Support Files/Pods-news/Pods-news-frameworks.sh\"\n";
			showEnvVarsInLog = 0;
		};
		EDEF3ACC05FB9E9D203D9BA6 /* [CP] Check Pods Manifest.lock */ = {
			isa = PBXShellScriptBuildPhase;
			buildActionMask = 2147483647;
			files = (
			);
			inputPaths = (
				"${PODS_PODFILE_DIR_PATH}/Podfile.lock",
				"${PODS_ROOT}/Manifest.lock",
			);
			name = "[CP] Check Pods Manifest.lock";
			outputPaths = (
				"$(DERIVED_FILE_DIR)/Pods-news-checkManifestLockResult.txt",
			);
			runOnlyForDeploymentPostprocessing = 0;
			shellPath = /bin/sh;
			shellScript = "diff \"${PODS_PODFILE_DIR_PATH}/Podfile.lock\" \"${PODS_ROOT}/Manifest.lock\" > /dev/null\nif [ $? != 0 ] ; then\n    # print error to STDERR\n    echo \"error: The sandbox is not in sync with the Podfile.lock. Run 'pod install' or update your CocoaPods installation.\" >&2\n    exit 1\nfi\n# This output is used by Xcode 'outputs' to avoid re-running this script phase.\necho \"SUCCESS\" > \"${SCRIPT_OUTPUT_FILE_0}\"\n";
			showEnvVarsInLog = 0;
		};
/* End PBXShellScriptBuildPhase section */

/* Begin PBXSourcesBuildPhase section */
		21C470E021464050005E63D2 /* Sources */ = {
			isa = PBXSourcesBuildPhase;
			buildActionMask = 2147483647;
			files = (
				21C4711B21464E88005E63D2 /* FYNetManager.swift in Sources */,
				21C4710021464901005E63D2 /* FYTabBarController.swift in Sources */,
				21C47201214B8C4F005E63D2 /* FYTabModel.swift in Sources */,
				21C470FE214648E1005E63D2 /* FYNavController.swift in Sources */,
				219555B5215257AB00D2B2ED /* FYYQModel.swift in Sources */,
				219555B221524C2500D2B2ED /* FYYaoQiViewController.swift in Sources */,
				21C471CD2148EF98005E63D2 /* kkModel.swift in Sources */,
				21C4711921464E44005E63D2 /* FYHomeApi.swift in Sources */,
				21C4710921464B22005E63D2 /* FYHomeViewController.swift in Sources */,
				21C471D02148F6A4005E63D2 /* FYColor.swift in Sources */,
				21C470EA21464050005E63D2 /* HomeViewController.swift in Sources */,
				21C470E821464050005E63D2 /* AppDelegate.swift in Sources */,
				21C4711421464B6C005E63D2 /* FYZhiViewController.swift in Sources */,
				21C47206214BC079005E63D2 /* FYMoveImageTableViewCell.swift in Sources */,
				21C47203214BAC57005E63D2 /* FYImageTableViewCell.swift in Sources */,
				21C4712621465E80005E63D2 /* FYZhiTableViewCell.swift in Sources */,
				21C4711D214657EC005E63D2 /* FYHomeModel.swift in Sources */,
				21C470F021464050005E63D2 /* news.xcdatamodeld in Sources */,
				219555C821537B7500D2B2ED /* FYYQTableViewCell.swift in Sources */,
				21C4711221464B5E005E63D2 /* FYMeViewController.swift in Sources */,
				21C471CB2148EF7D005E63D2 /* KKTableViewCell.swift in Sources */,
			);
			runOnlyForDeploymentPostprocessing = 0;
		};
/* End PBXSourcesBuildPhase section */

/* Begin PBXVariantGroup section */
		21C470F321464051005E63D2 /* LaunchScreen.storyboard */ = {
			isa = PBXVariantGroup;
			children = (
				21C470F421464051005E63D2 /* Base */,
			);
			name = LaunchScreen.storyboard;
			sourceTree = "<group>";
		};
/* End PBXVariantGroup section */

/* Begin XCBuildConfiguration section */
		21C470F721464051005E63D2 /* Debug */ = {
			isa = XCBuildConfiguration;
			buildSettings = {
				ALWAYS_SEARCH_USER_PATHS = NO;
				CLANG_ANALYZER_NONNULL = YES;
				CLANG_ANALYZER_NUMBER_OBJECT_CONVERSION = YES_AGGRESSIVE;
				CLANG_CXX_LANGUAGE_STANDARD = "gnu++14";
				CLANG_CXX_LIBRARY = "libc++";
				CLANG_ENABLE_MODULES = YES;
				CLANG_ENABLE_OBJC_ARC = YES;
				CLANG_ENABLE_OBJC_WEAK = YES;
				CLANG_WARN_BLOCK_CAPTURE_AUTORELEASING = YES;
				CLANG_WARN_BOOL_CONVERSION = YES;
				CLANG_WARN_COMMA = YES;
				CLANG_WARN_CONSTANT_CONVERSION = YES;
				CLANG_WARN_DEPRECATED_OBJC_IMPLEMENTATIONS = YES;
				CLANG_WARN_DIRECT_OBJC_ISA_USAGE = YES_ERROR;
				CLANG_WARN_DOCUMENTATION_COMMENTS = YES;
				CLANG_WARN_EMPTY_BODY = YES;
				CLANG_WARN_ENUM_CONVERSION = YES;
				CLANG_WARN_INFINITE_RECURSION = YES;
				CLANG_WARN_INT_CONVERSION = YES;
				CLANG_WARN_NON_LITERAL_NULL_CONVERSION = YES;
				CLANG_WARN_OBJC_IMPLICIT_RETAIN_SELF = YES;
				CLANG_WARN_OBJC_LITERAL_CONVERSION = YES;
				CLANG_WARN_OBJC_ROOT_CLASS = YES_ERROR;
				CLANG_WARN_RANGE_LOOP_ANALYSIS = YES;
				CLANG_WARN_STRICT_PROTOTYPES = YES;
				CLANG_WARN_SUSPICIOUS_MOVE = YES;
				CLANG_WARN_UNGUARDED_AVAILABILITY = YES_AGGRESSIVE;
				CLANG_WARN_UNREACHABLE_CODE = YES;
				CLANG_WARN__DUPLICATE_METHOD_MATCH = YES;
				CODE_SIGN_IDENTITY = "iPhone Developer";
				COPY_PHASE_STRIP = NO;
				DEBUG_INFORMATION_FORMAT = dwarf;
				ENABLE_STRICT_OBJC_MSGSEND = YES;
				ENABLE_TESTABILITY = YES;
				GCC_C_LANGUAGE_STANDARD = gnu11;
				GCC_DYNAMIC_NO_PIC = NO;
				GCC_NO_COMMON_BLOCKS = YES;
				GCC_OPTIMIZATION_LEVEL = 0;
				GCC_PREPROCESSOR_DEFINITIONS = (
					"DEBUG=1",
					"$(inherited)",
				);
				GCC_WARN_64_TO_32_BIT_CONVERSION = YES;
				GCC_WARN_ABOUT_RETURN_TYPE = YES_ERROR;
				GCC_WARN_UNDECLARED_SELECTOR = YES;
				GCC_WARN_UNINITIALIZED_AUTOS = YES_AGGRESSIVE;
				GCC_WARN_UNUSED_FUNCTION = YES;
				GCC_WARN_UNUSED_VARIABLE = YES;
				IPHONEOS_DEPLOYMENT_TARGET = 11.4;
				MTL_ENABLE_DEBUG_INFO = YES;
				ONLY_ACTIVE_ARCH = YES;
				SDKROOT = iphoneos;
				SWIFT_ACTIVE_COMPILATION_CONDITIONS = DEBUG;
				SWIFT_OPTIMIZATION_LEVEL = "-Onone";
			};
			name = Debug;
		};
		21C470F821464051005E63D2 /* Release */ = {
			isa = XCBuildConfiguration;
			buildSettings = {
				ALWAYS_SEARCH_USER_PATHS = NO;
				CLANG_ANALYZER_NONNULL = YES;
				CLANG_ANALYZER_NUMBER_OBJECT_CONVERSION = YES_AGGRESSIVE;
				CLANG_CXX_LANGUAGE_STANDARD = "gnu++14";
				CLANG_CXX_LIBRARY = "libc++";
				CLANG_ENABLE_MODULES = YES;
				CLANG_ENABLE_OBJC_ARC = YES;
				CLANG_ENABLE_OBJC_WEAK = YES;
				CLANG_WARN_BLOCK_CAPTURE_AUTORELEASING = YES;
				CLANG_WARN_BOOL_CONVERSION = YES;
				CLANG_WARN_COMMA = YES;
				CLANG_WARN_CONSTANT_CONVERSION = YES;
				CLANG_WARN_DEPRECATED_OBJC_IMPLEMENTATIONS = YES;
				CLANG_WARN_DIRECT_OBJC_ISA_USAGE = YES_ERROR;
				CLANG_WARN_DOCUMENTATION_COMMENTS = YES;
				CLANG_WARN_EMPTY_BODY = YES;
				CLANG_WARN_ENUM_CONVERSION = YES;
				CLANG_WARN_INFINITE_RECURSION = YES;
				CLANG_WARN_INT_CONVERSION = YES;
				CLANG_WARN_NON_LITERAL_NULL_CONVERSION = YES;
				CLANG_WARN_OBJC_IMPLICIT_RETAIN_SELF = YES;
				CLANG_WARN_OBJC_LITERAL_CONVERSION = YES;
				CLANG_WARN_OBJC_ROOT_CLASS = YES_ERROR;
				CLANG_WARN_RANGE_LOOP_ANALYSIS = YES;
				CLANG_WARN_STRICT_PROTOTYPES = YES;
				CLANG_WARN_SUSPICIOUS_MOVE = YES;
				CLANG_WARN_UNGUARDED_AVAILABILITY = YES_AGGRESSIVE;
				CLANG_WARN_UNREACHABLE_CODE = YES;
				CLANG_WARN__DUPLICATE_METHOD_MATCH = YES;
				CODE_SIGN_IDENTITY = "iPhone Developer";
				COPY_PHASE_STRIP = NO;
				DEBUG_INFORMATION_FORMAT = "dwarf-with-dsym";
				ENABLE_NS_ASSERTIONS = NO;
				ENABLE_STRICT_OBJC_MSGSEND = YES;
				GCC_C_LANGUAGE_STANDARD = gnu11;
				GCC_NO_COMMON_BLOCKS = YES;
				GCC_WARN_64_TO_32_BIT_CONVERSION = YES;
				GCC_WARN_ABOUT_RETURN_TYPE = YES_ERROR;
				GCC_WARN_UNDECLARED_SELECTOR = YES;
				GCC_WARN_UNINITIALIZED_AUTOS = YES_AGGRESSIVE;
				GCC_WARN_UNUSED_FUNCTION = YES;
				GCC_WARN_UNUSED_VARIABLE = YES;
				IPHONEOS_DEPLOYMENT_TARGET = 11.4;
				MTL_ENABLE_DEBUG_INFO = NO;
				SDKROOT = iphoneos;
				SWIFT_COMPILATION_MODE = wholemodule;
				SWIFT_OPTIMIZATION_LEVEL = "-O";
				VALIDATE_PRODUCT = YES;
			};
			name = Release;
		};
		21C470FA21464051005E63D2 /* Debug */ = {
			isa = XCBuildConfiguration;
			baseConfigurationReference = BBC488B2AA8A5FA0EA584B0B /* Pods-news.debug.xcconfig */;
			buildSettings = {
				ASSETCATALOG_COMPILER_APPICON_NAME = "AppIcon-Debug";
				CLANG_ENABLE_MODULES = YES;
				CODE_SIGN_STYLE = Automatic;
				DEVELOPMENT_TEAM = LJPKYK3KDJ;
				INFOPLIST_FILE = news/Info.plist;
				LD_RUNPATH_SEARCH_PATHS = (
					"$(inherited)",
					"@executable_path/Frameworks",
				);
				PRODUCT_BUNDLE_IDENTIFIER = demo.news;
				PRODUCT_NAME = "$(TARGET_NAME)";
				SWIFT_OBJC_BRIDGING_HEADER = "news/news-Bridging-Header.h";
				SWIFT_OPTIMIZATION_LEVEL = "-Onone";
				SWIFT_VERSION = 4.0;
				TARGETED_DEVICE_FAMILY = "1,2";
			};
			name = Debug;
		};
		21C470FB21464051005E63D2 /* Release */ = {
			isa = XCBuildConfiguration;
			baseConfigurationReference = 30599A3A22ACF912BD413035 /* Pods-news.release.xcconfig */;
			buildSettings = {
				ASSETCATALOG_COMPILER_APPICON_NAME = AppIcon;
				CLANG_ENABLE_MODULES = YES;
				CODE_SIGN_STYLE = Automatic;
				DEVELOPMENT_TEAM = LJPKYK3KDJ;
				INFOPLIST_FILE = news/Info.plist;
				LD_RUNPATH_SEARCH_PATHS = (
					"$(inherited)",
					"@executable_path/Frameworks",
				);
				PRODUCT_BUNDLE_IDENTIFIER = demo.news;
				PRODUCT_NAME = "$(TARGET_NAME)";
				SWIFT_OBJC_BRIDGING_HEADER = "news/news-Bridging-Header.h";
				SWIFT_VERSION = 4.0;
				TARGETED_DEVICE_FAMILY = "1,2";
			};
			name = Release;
		};
/* End XCBuildConfiguration section */

/* Begin XCConfigurationList section */
		21C470DF21464050005E63D2 /* Build configuration list for PBXProject "news" */ = {
			isa = XCConfigurationList;
			buildConfigurations = (
				21C470F721464051005E63D2 /* Debug */,
				21C470F821464051005E63D2 /* Release */,
			);
			defaultConfigurationIsVisible = 0;
			defaultConfigurationName = Release;
		};
		21C470F921464051005E63D2 /* Build configuration list for PBXNativeTarget "news" */ = {
			isa = XCConfigurationList;
			buildConfigurations = (
				21C470FA21464051005E63D2 /* Debug */,
				21C470FB21464051005E63D2 /* Release */,
			);
			defaultConfigurationIsVisible = 0;
			defaultConfigurationName = Release;
		};
/* End XCConfigurationList section */

/* Begin XCVersionGroup section */
		21C470EE21464050005E63D2 /* news.xcdatamodeld */ = {
			isa = XCVersionGroup;
			children = (
				21C470EF21464050005E63D2 /* news.xcdatamodel */,
			);
			currentVersion = 21C470EF21464050005E63D2 /* news.xcdatamodel */;
			path = news.xcdatamodeld;
			sourceTree = "<group>";
			versionGroupType = wrapper.xcdatamodel;
		};
/* End XCVersionGroup section */
	};
	rootObject = 21C470DC21464050005E63D2 /* Project object */;
}
